// !$*UTF8*$!
{
	archiveVersion = 1;
	classes = {
	};
	objectVersion = 51;
	objects = {

/* Begin PBXBuildFile section */
		656EF19A2426A8480033AF21 /* AppDelegate.swift in Sources */ = {isa = PBXBuildFile; fileRef = 656EF1992426A8480033AF21 /* AppDelegate.swift */; };
		656EF19E2426A8480033AF21 /* HomeVC.swift in Sources */ = {isa = PBXBuildFile; fileRef = 656EF19D2426A8480033AF21 /* HomeVC.swift */; };
		656EF1A12426A8480033AF21 /* Main.storyboard in Resources */ = {isa = PBXBuildFile; fileRef = 656EF19F2426A8480033AF21 /* Main.storyboard */; };
		656EF1A32426A84A0033AF21 /* Assets.xcassets in Resources */ = {isa = PBXBuildFile; fileRef = 656EF1A22426A84A0033AF21 /* Assets.xcassets */; };
		656EF1A62426A84A0033AF21 /* LaunchScreen.storyboard in Resources */ = {isa = PBXBuildFile; fileRef = 656EF1A42426A84A0033AF21 /* LaunchScreen.storyboard */; };
		656EF1B22426AF480033AF21 /* SceneDelegate.swift in Sources */ = {isa = PBXBuildFile; fileRef = 656EF1B12426AF480033AF21 /* SceneDelegate.swift */; };
		6584990C242AC1340022DE1D /* BeersTableViewVC.swift in Sources */ = {isa = PBXBuildFile; fileRef = 6584990B242AC1340022DE1D /* BeersTableViewVC.swift */; };
		658B67482427AEAE00637AC2 /* BeerEntity.swift in Sources */ = {isa = PBXBuildFile; fileRef = 658B67472427AEAE00637AC2 /* BeerEntity.swift */; };
		658B674A2427AF2B00637AC2 /* BeersTableVM.swift in Sources */ = {isa = PBXBuildFile; fileRef = 658B67492427AF2B00637AC2 /* BeersTableVM.swift */; };
		658B674C2427B44500637AC2 /* BeerData.swift in Sources */ = {isa = PBXBuildFile; fileRef = 658B674B2427B44500637AC2 /* BeerData.swift */; };
		658B67522427D2DB00637AC2 /* BeerViewCell.swift in Sources */ = {isa = PBXBuildFile; fileRef = 658B67502427D2DB00637AC2 /* BeerViewCell.swift */; };
		658B67532427D2DB00637AC2 /* BeerViewCell.xib in Resources */ = {isa = PBXBuildFile; fileRef = 658B67512427D2DB00637AC2 /* BeerViewCell.xib */; };
		658B67592427D6EF00637AC2 /* Extensions.swift in Sources */ = {isa = PBXBuildFile; fileRef = 658B67582427D6EF00637AC2 /* Extensions.swift */; };
		8E19E35BFE1026CB6489614B /* Pods_BeerApp.framework in Frameworks */ = {isa = PBXBuildFile; fileRef = 4E9C159A8F5E59681781DBE2 /* Pods_BeerApp.framework */; };
/* End PBXBuildFile section */

/* Begin PBXFileReference section */
		1B46EC7F02E179ACC8E6393A /* Pods-BeerApp.debug.xcconfig */ = {isa = PBXFileReference; includeInIndex = 1; lastKnownFileType = text.xcconfig; name = "Pods-BeerApp.debug.xcconfig"; path = "Target Support Files/Pods-BeerApp/Pods-BeerApp.debug.xcconfig"; sourceTree = "<group>"; };
		460FEA42DE518216B7EE35F4 /* Pods-BeerApp.release.xcconfig */ = {isa = PBXFileReference; includeInIndex = 1; lastKnownFileType = text.xcconfig; name = "Pods-BeerApp.release.xcconfig"; path = "Target Support Files/Pods-BeerApp/Pods-BeerApp.release.xcconfig"; sourceTree = "<group>"; };
		4E9C159A8F5E59681781DBE2 /* Pods_BeerApp.framework */ = {isa = PBXFileReference; explicitFileType = wrapper.framework; includeInIndex = 0; path = Pods_BeerApp.framework; sourceTree = BUILT_PRODUCTS_DIR; };
		656EF1962426A8480033AF21 /* BeerApp.app */ = {isa = PBXFileReference; explicitFileType = wrapper.application; includeInIndex = 0; path = BeerApp.app; sourceTree = BUILT_PRODUCTS_DIR; };
		656EF1992426A8480033AF21 /* AppDelegate.swift */ = {isa = PBXFileReference; lastKnownFileType = sourcecode.swift; path = AppDelegate.swift; sourceTree = "<group>"; };
		656EF19D2426A8480033AF21 /* HomeVC.swift */ = {isa = PBXFileReference; lastKnownFileType = sourcecode.swift; path = HomeVC.swift; sourceTree = "<group>"; };
		656EF1A02426A8480033AF21 /* Base */ = {isa = PBXFileReference; lastKnownFileType = file.storyboard; name = Base; path = Base.lproj/Main.storyboard; sourceTree = "<group>"; };
		656EF1A22426A84A0033AF21 /* Assets.xcassets */ = {isa = PBXFileReference; lastKnownFileType = folder.assetcatalog; path = Assets.xcassets; sourceTree = "<group>"; };
		656EF1A52426A84A0033AF21 /* Base */ = {isa = PBXFileReference; lastKnownFileType = file.storyboard; name = Base; path = Base.lproj/LaunchScreen.storyboard; sourceTree = "<group>"; };
		656EF1A72426A84A0033AF21 /* Info.plist */ = {isa = PBXFileReference; lastKnownFileType = text.plist.xml; path = Info.plist; sourceTree = "<group>"; };
		656EF1B12426AF480033AF21 /* SceneDelegate.swift */ = {isa = PBXFileReference; lastKnownFileType = sourcecode.swift; path = SceneDelegate.swift; sourceTree = "<group>"; };
		6584990B242AC1340022DE1D /* BeersTableViewVC.swift */ = {isa = PBXFileReference; lastKnownFileType = sourcecode.swift; path = BeersTableViewVC.swift; sourceTree = "<group>"; };
		658B67472427AEAE00637AC2 /* BeerEntity.swift */ = {isa = PBXFileReference; lastKnownFileType = sourcecode.swift; path = BeerEntity.swift; sourceTree = "<group>"; };
		658B67492427AF2B00637AC2 /* BeersTableVM.swift */ = {isa = PBXFileReference; lastKnownFileType = sourcecode.swift; path = BeersTableVM.swift; sourceTree = "<group>"; };
		658B674B2427B44500637AC2 /* BeerData.swift */ = {isa = PBXFileReference; lastKnownFileType = sourcecode.swift; path = BeerData.swift; sourceTree = "<group>"; };
		658B67502427D2DB00637AC2 /* BeerViewCell.swift */ = {isa = PBXFileReference; lastKnownFileType = sourcecode.swift; path = BeerViewCell.swift; sourceTree = "<group>"; };
		658B67512427D2DB00637AC2 /* BeerViewCell.xib */ = {isa = PBXFileReference; lastKnownFileType = file.xib; path = BeerViewCell.xib; sourceTree = "<group>"; };
		658B67582427D6EF00637AC2 /* Extensions.swift */ = {isa = PBXFileReference; lastKnownFileType = sourcecode.swift; path = Extensions.swift; sourceTree = "<group>"; };
/* End PBXFileReference section */

/* Begin PBXFrameworksBuildPhase section */
		656EF1932426A8480033AF21 /* Frameworks */ = {
			isa = PBXFrameworksBuildPhase;
			buildActionMask = 2147483647;
			files = (
				8E19E35BFE1026CB6489614B /* Pods_BeerApp.framework in Frameworks */,
			);
			runOnlyForDeploymentPostprocessing = 0;
		};
/* End PBXFrameworksBuildPhase section */

/* Begin PBXGroup section */
		0AE6F7CA3FB1BA88314B7A82 /* Pods */ = {
			isa = PBXGroup;
			children = (
				1B46EC7F02E179ACC8E6393A /* Pods-BeerApp.debug.xcconfig */,
				460FEA42DE518216B7EE35F4 /* Pods-BeerApp.release.xcconfig */,
			);
			path = Pods;
			sourceTree = "<group>";
		};
		656EF18D2426A8480033AF21 = {
			isa = PBXGroup;
			children = (
				656EF1982426A8480033AF21 /* BeerApp */,
				656EF1972426A8480033AF21 /* Products */,
				0AE6F7CA3FB1BA88314B7A82 /* Pods */,
				902378636A11FEE8157284E4 /* Frameworks */,
			);
			sourceTree = "<group>";
		};
		656EF1972426A8480033AF21 /* Products */ = {
			isa = PBXGroup;
			children = (
				656EF1962426A8480033AF21 /* BeerApp.app */,
			);
			name = Products;
			sourceTree = "<group>";
		};
		656EF1982426A8480033AF21 /* BeerApp */ = {
			isa = PBXGroup;
			children = (
				658B67572427D6E400637AC2 /* Helpers */,
				658B67432427AC8E00637AC2 /* BeerList */,
				656EF1AD2426AEB10033AF21 /* Application */,
				656EF1A22426A84A0033AF21 /* Assets.xcassets */,
				656EF1A42426A84A0033AF21 /* LaunchScreen.storyboard */,
				656EF1A72426A84A0033AF21 /* Info.plist */,
			);
			path = BeerApp;
			sourceTree = "<group>";
		};
		656EF1AD2426AEB10033AF21 /* Application */ = {
			isa = PBXGroup;
			children = (
				656EF1992426A8480033AF21 /* AppDelegate.swift */,
				656EF1B12426AF480033AF21 /* SceneDelegate.swift */,
			);
			path = Application;
			sourceTree = "<group>";
		};
		658B67432427AC8E00637AC2 /* BeerList */ = {
			isa = PBXGroup;
			children = (
				658B67452427ACA200637AC2 /* View */,
				658B67462427ACA700637AC2 /* ViewModel */,
				658B67442427AC9D00637AC2 /* Model */,
			);
			path = BeerList;
			sourceTree = "<group>";
		};
		658B67442427AC9D00637AC2 /* Model */ = {
			isa = PBXGroup;
			children = (
				658B67472427AEAE00637AC2 /* BeerEntity.swift */,
				658B674B2427B44500637AC2 /* BeerData.swift */,
			);
			path = Model;
			sourceTree = "<group>";
		};
		658B67452427ACA200637AC2 /* View */ = {
			isa = PBXGroup;
			children = (
				656EF19F2426A8480033AF21 /* Main.storyboard */,
				656EF19D2426A8480033AF21 /* HomeVC.swift */,
				6584990B242AC1340022DE1D /* BeersTableViewVC.swift */,
				658B674F2427D2B600637AC2 /* BeerCell */,
			);
			path = View;
			sourceTree = "<group>";
		};
		658B67462427ACA700637AC2 /* ViewModel */ = {
			isa = PBXGroup;
			children = (
				658B67492427AF2B00637AC2 /* BeersTableVM.swift */,
			);
			path = ViewModel;
			sourceTree = "<group>";
		};
		658B674F2427D2B600637AC2 /* BeerCell */ = {
			isa = PBXGroup;
			children = (
				658B67502427D2DB00637AC2 /* BeerViewCell.swift */,
				658B67512427D2DB00637AC2 /* BeerViewCell.xib */,
			);
			path = BeerCell;
			sourceTree = "<group>";
		};
		658B67572427D6E400637AC2 /* Helpers */ = {
			isa = PBXGroup;
			children = (
				658B67582427D6EF00637AC2 /* Extensions.swift */,
			);
			path = Helpers;
			sourceTree = "<group>";
		};
		902378636A11FEE8157284E4 /* Frameworks */ = {
			isa = PBXGroup;
			children = (
				4E9C159A8F5E59681781DBE2 /* Pods_BeerApp.framework */,
			);
			name = Frameworks;
			sourceTree = "<group>";
		};
/* End PBXGroup section */

/* Begin PBXNativeTarget section */
		656EF1952426A8480033AF21 /* BeerApp */ = {
			isa = PBXNativeTarget;
			buildConfigurationList = 656EF1AA2426A84A0033AF21 /* Build configuration list for PBXNativeTarget "BeerApp" */;
			buildPhases = (
				4BD26BE9BF40262BDA4EBE40 /* [CP] Check Pods Manifest.lock */,
				656EF1922426A8480033AF21 /* Sources */,
				656EF1932426A8480033AF21 /* Frameworks */,
				656EF1942426A8480033AF21 /* Resources */,
				1190B04D480A85D0E3D470E3 /* [CP] Embed Pods Frameworks */,
			);
			buildRules = (
			);
			dependencies = (
			);
			name = BeerApp;
			productName = BeerApp;
			productReference = 656EF1962426A8480033AF21 /* BeerApp.app */;
			productType = "com.apple.product-type.application";
		};
/* End PBXNativeTarget section */

/* Begin PBXProject section */
		656EF18E2426A8480033AF21 /* Project object */ = {
			isa = PBXProject;
			attributes = {
				LastSwiftUpdateCheck = 1130;
				LastUpgradeCheck = 1130;
				ORGANIZATIONNAME = Andrea;
				TargetAttributes = {
					656EF1952426A8480033AF21 = {
						CreatedOnToolsVersion = 11.3.1;
					};
				};
			};
			buildConfigurationList = 656EF1912426A8480033AF21 /* Build configuration list for PBXProject "BeerApp" */;
			compatibilityVersion = "Xcode 9.3";
			developmentRegion = en;
			hasScannedForEncodings = 0;
			knownRegions = (
				en,
				Base,
			);
			mainGroup = 656EF18D2426A8480033AF21;
			productRefGroup = 656EF1972426A8480033AF21 /* Products */;
			projectDirPath = "";
			projectRoot = "";
			targets = (
				656EF1952426A8480033AF21 /* BeerApp */,
			);
		};
/* End PBXProject section */

/* Begin PBXResourcesBuildPhase section */
		656EF1942426A8480033AF21 /* Resources */ = {
			isa = PBXResourcesBuildPhase;
			buildActionMask = 2147483647;
			files = (
				656EF1A62426A84A0033AF21 /* LaunchScreen.storyboard in Resources */,
				656EF1A32426A84A0033AF21 /* Assets.xcassets in Resources */,
				658B67532427D2DB00637AC2 /* BeerViewCell.xib in Resources */,
				656EF1A12426A8480033AF21 /* Main.storyboard in Resources */,
			);
			runOnlyForDeploymentPostprocessing = 0;
		};
/* End PBXResourcesBuildPhase section */

/* Begin PBXShellScriptBuildPhase section */
		1190B04D480A85D0E3D470E3 /* [CP] Embed Pods Frameworks */ = {
			isa = PBXShellScriptBuildPhase;
			buildActionMask = 2147483647;
			files = (
			);
			inputFileListPaths = (
				"${PODS_ROOT}/Target Support Files/Pods-BeerApp/Pods-BeerApp-frameworks-${CONFIGURATION}-input-files.xcfilelist",
			);
			name = "[CP] Embed Pods Frameworks";
			outputFileListPaths = (
				"${PODS_ROOT}/Target Support Files/Pods-BeerApp/Pods-BeerApp-frameworks-${CONFIGURATION}-output-files.xcfilelist",
			);
			runOnlyForDeploymentPostprocessing = 0;
			shellPath = /bin/sh;
			shellScript = "\"${PODS_ROOT}/Target Support Files/Pods-BeerApp/Pods-BeerApp-frameworks.sh\"\n";
			showEnvVarsInLog = 0;
		};
		4BD26BE9BF40262BDA4EBE40 /* [CP] Check Pods Manifest.lock */ = {
			isa = PBXShellScriptBuildPhase;
			buildActionMask = 2147483647;
			files = (
			);
			inputFileListPaths = (
			);
			inputPaths = (
				"${PODS_PODFILE_DIR_PATH}/Podfile.lock",
				"${PODS_ROOT}/Manifest.lock",
			);
			name = "[CP] Check Pods Manifest.lock";
			outputFileListPaths = (
			);
			outputPaths = (
				"$(DERIVED_FILE_DIR)/Pods-BeerApp-checkManifestLockResult.txt",
			);
			runOnlyForDeploymentPostprocessing = 0;
			shellPath = /bin/sh;
			shellScript = "diff \"${PODS_PODFILE_DIR_PATH}/Podfile.lock\" \"${PODS_ROOT}/Manifest.lock\" > /dev/null\nif [ $? != 0 ] ; then\n    # print error to STDERR\n    echo \"error: The sandbox is not in sync with the Podfile.lock. Run 'pod install' or update your CocoaPods installation.\" >&2\n    exit 1\nfi\n# This output is used by Xcode 'outputs' to avoid re-running this script phase.\necho \"SUCCESS\" > \"${SCRIPT_OUTPUT_FILE_0}\"\n";
			showEnvVarsInLog = 0;
		};
/* End PBXShellScriptBuildPhase section */

/* Begin PBXSourcesBuildPhase section */
		656EF1922426A8480033AF21 /* Sources */ = {
			isa = PBXSourcesBuildPhase;
			buildActionMask = 2147483647;
			files = (
				656EF19E2426A8480033AF21 /* HomeVC.swift in Sources */,
				658B67592427D6EF00637AC2 /* Extensions.swift in Sources */,
				658B674C2427B44500637AC2 /* BeerData.swift in Sources */,
				656EF19A2426A8480033AF21 /* AppDelegate.swift in Sources */,
				658B67482427AEAE00637AC2 /* BeerEntity.swift in Sources */,
				656EF1B22426AF480033AF21 /* SceneDelegate.swift in Sources */,
				658B67522427D2DB00637AC2 /* BeerViewCell.swift in Sources */,
				658B674A2427AF2B00637AC2 /* BeersTableVM.swift in Sources */,
				6584990C242AC1340022DE1D /* BeersTableViewVC.swift in Sources */,
			);
			runOnlyForDeploymentPostprocessing = 0;
		};
/* End PBXSourcesBuildPhase section */

/* Begin PBXVariantGroup section */
		656EF19F2426A8480033AF21 /* Main.storyboard */ = {
			isa = PBXVariantGroup;
			children = (
				656EF1A02426A8480033AF21 /* Base */,
			);
			name = Main.storyboard;
			sourceTree = "<group>";
		};
		656EF1A42426A84A0033AF21 /* LaunchScreen.storyboard */ = {
			isa = PBXVariantGroup;
			children = (
				656EF1A52426A84A0033AF21 /* Base */,
			);
			name = LaunchScreen.storyboard;
			sourceTree = "<group>";
		};
/* End PBXVariantGroup section */

/* Begin XCBuildConfiguration section */
		656EF1A82426A84A0033AF21 /* Debug */ = {
			isa = XCBuildConfiguration;
			buildSettings = {
				ALWAYS_SEARCH_USER_PATHS = NO;
				CLANG_ANALYZER_NONNULL = YES;
				CLANG_ANALYZER_NUMBER_OBJECT_CONVERSION = YES_AGGRESSIVE;
				CLANG_CXX_LANGUAGE_STANDARD = "gnu++14";
				CLANG_CXX_LIBRARY = "libc++";
				CLANG_ENABLE_MODULES = YES;
				CLANG_ENABLE_OBJC_ARC = YES;
				CLANG_ENABLE_OBJC_WEAK = YES;
				CLANG_WARN_BLOCK_CAPTURE_AUTORELEASING = YES;
				CLANG_WARN_BOOL_CONVERSION = YES;
				CLANG_WARN_COMMA = YES;
				CLANG_WARN_CONSTANT_CONVERSION = YES;
				CLANG_WARN_DEPRECATED_OBJC_IMPLEMENTATIONS = YES;
				CLANG_WARN_DIRECT_OBJC_ISA_USAGE = YES_ERROR;
				CLANG_WARN_DOCUMENTATION_COMMENTS = YES;
				CLANG_WARN_EMPTY_BODY = YES;
				CLANG_WARN_ENUM_CONVERSION = YES;
				CLANG_WARN_INFINITE_RECURSION = YES;
				CLANG_WARN_INT_CONVERSION = YES;
				CLANG_WARN_NON_LITERAL_NULL_CONVERSION = YES;
				CLANG_WARN_OBJC_IMPLICIT_RETAIN_SELF = YES;
				CLANG_WARN_OBJC_LITERAL_CONVERSION = YES;
				CLANG_WARN_OBJC_ROOT_CLASS = YES_ERROR;
				CLANG_WARN_RANGE_LOOP_ANALYSIS = YES;
				CLANG_WARN_STRICT_PROTOTYPES = YES;
				CLANG_WARN_SUSPICIOUS_MOVE = YES;
				CLANG_WARN_UNGUARDED_AVAILABILITY = YES_AGGRESSIVE;
				CLANG_WARN_UNREACHABLE_CODE = YES;
				CLANG_WARN__DUPLICATE_METHOD_MATCH = YES;
				COPY_PHASE_STRIP = NO;
				DEBUG_INFORMATION_FORMAT = dwarf;
				ENABLE_STRICT_OBJC_MSGSEND = YES;
				ENABLE_TESTABILITY = YES;
				GCC_C_LANGUAGE_STANDARD = gnu11;
				GCC_DYNAMIC_NO_PIC = NO;
				GCC_NO_COMMON_BLOCKS = YES;
				GCC_OPTIMIZATION_LEVEL = 0;
				GCC_PREPROCESSOR_DEFINITIONS = (
					"DEBUG=1",
					"$(inherited)",
				);
				GCC_WARN_64_TO_32_BIT_CONVERSION = YES;
				GCC_WARN_ABOUT_RETURN_TYPE = YES_ERROR;
				GCC_WARN_UNDECLARED_SELECTOR = YES;
				GCC_WARN_UNINITIALIZED_AUTOS = YES_AGGRESSIVE;
				GCC_WARN_UNUSED_FUNCTION = YES;
				GCC_WARN_UNUSED_VARIABLE = YES;
				IPHONEOS_DEPLOYMENT_TARGET = 13.2;
				MTL_ENABLE_DEBUG_INFO = INCLUDE_SOURCE;
				MTL_FAST_MATH = YES;
				ONLY_ACTIVE_ARCH = YES;
				SDKROOT = iphoneos;
				SWIFT_ACTIVE_COMPILATION_CONDITIONS = DEBUG;
				SWIFT_OPTIMIZATION_LEVEL = "-Onone";
			};
			name = Debug;
		};
		656EF1A92426A84A0033AF21 /* Release */ = {
			isa = XCBuildConfiguration;
			buildSettings = {
				ALWAYS_SEARCH_USER_PATHS = NO;
				CLANG_ANALYZER_NONNULL = YES;
				CLANG_ANALYZER_NUMBER_OBJECT_CONVERSION = YES_AGGRESSIVE;
				CLANG_CXX_LANGUAGE_STANDARD = "gnu++14";
				CLANG_CXX_LIBRARY = "libc++";
				CLANG_ENABLE_MODULES = YES;
				CLANG_ENABLE_OBJC_ARC = YES;
				CLANG_ENABLE_OBJC_WEAK = YES;
				CLANG_WARN_BLOCK_CAPTURE_AUTORELEASING = YES;
				CLANG_WARN_BOOL_CONVERSION = YES;
				CLANG_WARN_COMMA = YES;
				CLANG_WARN_CONSTANT_CONVERSION = YES;
				CLANG_WARN_DEPRECATED_OBJC_IMPLEMENTATIONS = YES;
				CLANG_WARN_DIRECT_OBJC_ISA_USAGE = YES_ERROR;
				CLANG_WARN_DOCUMENTATION_COMMENTS = YES;
				CLANG_WARN_EMPTY_BODY = YES;
				CLANG_WARN_ENUM_CONVERSION = YES;
				CLANG_WARN_INFINITE_RECURSION = YES;
				CLANG_WARN_INT_CONVERSION = YES;
				CLANG_WARN_NON_LITERAL_NULL_CONVERSION = YES;
				CLANG_WARN_OBJC_IMPLICIT_RETAIN_SELF = YES;
				CLANG_WARN_OBJC_LITERAL_CONVERSION = YES;
				CLANG_WARN_OBJC_ROOT_CLASS = YES_ERROR;
				CLANG_WARN_RANGE_LOOP_ANALYSIS = YES;
				CLANG_WARN_STRICT_PROTOTYPES = YES;
				CLANG_WARN_SUSPICIOUS_MOVE = YES;
				CLANG_WARN_UNGUARDED_AVAILABILITY = YES_AGGRESSIVE;
				CLANG_WARN_UNREACHABLE_CODE = YES;
				CLANG_WARN__DUPLICATE_METHOD_MATCH = YES;
				COPY_PHASE_STRIP = NO;
				DEBUG_INFORMATION_FORMAT = "dwarf-with-dsym";
				ENABLE_NS_ASSERTIONS = NO;
				ENABLE_STRICT_OBJC_MSGSEND = YES;
				GCC_C_LANGUAGE_STANDARD = gnu11;
				GCC_NO_COMMON_BLOCKS = YES;
				GCC_WARN_64_TO_32_BIT_CONVERSION = YES;
				GCC_WARN_ABOUT_RETURN_TYPE = YES_ERROR;
				GCC_WARN_UNDECLARED_SELECTOR = YES;
				GCC_WARN_UNINITIALIZED_AUTOS = YES_AGGRESSIVE;
				GCC_WARN_UNUSED_FUNCTION = YES;
				GCC_WARN_UNUSED_VARIABLE = YES;
				IPHONEOS_DEPLOYMENT_TARGET = 13.2;
				MTL_ENABLE_DEBUG_INFO = NO;
				MTL_FAST_MATH = YES;
				SDKROOT = iphoneos;
				SWIFT_COMPILATION_MODE = wholemodule;
				SWIFT_OPTIMIZATION_LEVEL = "-O";
				VALIDATE_PRODUCT = YES;
			};
			name = Release;
		};
		656EF1AB2426A84A0033AF21 /* Debug */ = {
			isa = XCBuildConfiguration;
			baseConfigurationReference = 1B46EC7F02E179ACC8E6393A /* Pods-BeerApp.debug.xcconfig */;
			buildSettings = {
				ASSETCATALOG_COMPILER_APPICON_NAME = AppIcon;
				CODE_SIGN_STYLE = Automatic;
				DEVELOPMENT_TEAM = 268M82QC27;
				INFOPLIST_FILE = BeerApp/Info.plist;
				LD_RUNPATH_SEARCH_PATHS = (
					"$(inherited)",
					"@executable_path/Frameworks",
				);
				PRODUCT_BUNDLE_IDENTIFIER = com.andreadev.BeerApp;
				PRODUCT_NAME = "$(TARGET_NAME)";
				SWIFT_VERSION = 5.0;
				TARGETED_DEVICE_FAMILY = "1,2";
			};
			name = Debug;
		};
		656EF1AC2426A84A0033AF21 /* Release */ = {
			isa = XCBuildConfiguration;
			baseConfigurationReference = 460FEA42DE518216B7EE35F4 /* Pods-BeerApp.release.xcconfig */;
			buildSettings = {
				ASSETCATALOG_COMPILER_APPICON_NAME = AppIcon;
				CODE_SIGN_STYLE = Automatic;
				DEVELOPMENT_TEAM = 268M82QC27;
				INFOPLIST_FILE = BeerApp/Info.plist;
				LD_RUNPATH_SEARCH_PATHS = (
					"$(inherited)",
					"@executable_path/Frameworks",
				);
				PRODUCT_BUNDLE_IDENTIFIER = com.andreadev.BeerApp;
				PRODUCT_NAME = "$(TARGET_NAME)";
				SWIFT_VERSION = 5.0;
				TARGETED_DEVICE_FAMILY = "1,2";
			};
			name = Release;
		};
/* End XCBuildConfiguration section */

/* Begin XCConfigurationList section */
		656EF1912426A8480033AF21 /* Build configuration list for PBXProject "BeerApp" */ = {
			isa = XCConfigurationList;
			buildConfigurations = (
				656EF1A82426A84A0033AF21 /* Debug */,
				656EF1A92426A84A0033AF21 /* Release */,
			);
			defaultConfigurationIsVisible = 0;
			defaultConfigurationName = Release;
		};
		656EF1AA2426A84A0033AF21 /* Build configuration list for PBXNativeTarget "BeerApp" */ = {
			isa = XCConfigurationList;
			buildConfigurations = (
				656EF1AB2426A84A0033AF21 /* Debug */,
				656EF1AC2426A84A0033AF21 /* Release */,
			);
			defaultConfigurationIsVisible = 0;
			defaultConfigurationName = Release;
		};
/* End XCConfigurationList section */
	};
	rootObject = 656EF18E2426A8480033AF21 /* Project object */;
}
